// !$*UTF8*$!
{
	archiveVersion = 1;
	classes = {
	};
	objectVersion = 48;
	objects = {

/* Begin PBXBuildFile section */
		B910A5FD1F97B140007FEB19 /* TriviaVC.swift in Sources */ = {isa = PBXBuildFile; fileRef = B910A5FC1F97B140007FEB19 /* TriviaVC.swift */; };
		B910A5FF1F97B207007FEB19 /* DadJokesVC.swift in Sources */ = {isa = PBXBuildFile; fileRef = B910A5FE1F97B207007FEB19 /* DadJokesVC.swift */; };
		B910A6011F97B2A9007FEB19 /* ChooseFunVC.swift in Sources */ = {isa = PBXBuildFile; fileRef = B910A6001F97B2A9007FEB19 /* ChooseFunVC.swift */; };
		B9CDE1E01F9525BB0006F247 /* AppDelegate.swift in Sources */ = {isa = PBXBuildFile; fileRef = B9CDE1DF1F9525BB0006F247 /* AppDelegate.swift */; };
		B9CDE1E21F9525BB0006F247 /* FunFactsVC.swift in Sources */ = {isa = PBXBuildFile; fileRef = B9CDE1E11F9525BB0006F247 /* FunFactsVC.swift */; };
		B9CDE1E51F9525BB0006F247 /* Main.storyboard in Resources */ = {isa = PBXBuildFile; fileRef = B9CDE1E31F9525BB0006F247 /* Main.storyboard */; };
		B9CDE1E71F9525BB0006F247 /* Assets.xcassets in Resources */ = {isa = PBXBuildFile; fileRef = B9CDE1E61F9525BB0006F247 /* Assets.xcassets */; };
		B9CDE1EA1F9525BB0006F247 /* LaunchScreen.storyboard in Resources */ = {isa = PBXBuildFile; fileRef = B9CDE1E81F9525BB0006F247 /* LaunchScreen.storyboard */; };
		B9CDE1F21F95886E0006F247 /* FactProvider.swift in Sources */ = {isa = PBXBuildFile; fileRef = B9CDE1F11F95886E0006F247 /* FactProvider.swift */; };
/* End PBXBuildFile section */

/* Begin PBXFileReference section */
		B910A5FC1F97B140007FEB19 /* TriviaVC.swift */ = {isa = PBXFileReference; lastKnownFileType = sourcecode.swift; path = TriviaVC.swift; sourceTree = "<group>"; };
		B910A5FE1F97B207007FEB19 /* DadJokesVC.swift */ = {isa = PBXFileReference; lastKnownFileType = sourcecode.swift; path = DadJokesVC.swift; sourceTree = "<group>"; };
		B910A6001F97B2A9007FEB19 /* ChooseFunVC.swift */ = {isa = PBXFileReference; lastKnownFileType = sourcecode.swift; path = ChooseFunVC.swift; sourceTree = "<group>"; };
		B9CDE1DC1F9525BB0006F247 /* FunFacts.app */ = {isa = PBXFileReference; explicitFileType = wrapper.application; includeInIndex = 0; path = FunFacts.app; sourceTree = BUILT_PRODUCTS_DIR; };
		B9CDE1DF1F9525BB0006F247 /* AppDelegate.swift */ = {isa = PBXFileReference; lastKnownFileType = sourcecode.swift; path = AppDelegate.swift; sourceTree = "<group>"; };
		B9CDE1E11F9525BB0006F247 /* FunFactsVC.swift */ = {isa = PBXFileReference; lastKnownFileType = sourcecode.swift; path = FunFactsVC.swift; sourceTree = "<group>"; };
		B9CDE1E41F9525BB0006F247 /* Base */ = {isa = PBXFileReference; lastKnownFileType = file.storyboard; name = Base; path = Base.lproj/Main.storyboard; sourceTree = "<group>"; };
		B9CDE1E61F9525BB0006F247 /* Assets.xcassets */ = {isa = PBXFileReference; lastKnownFileType = folder.assetcatalog; path = Assets.xcassets; sourceTree = "<group>"; };
		B9CDE1E91F9525BB0006F247 /* Base */ = {isa = PBXFileReference; lastKnownFileType = file.storyboard; name = Base; path = Base.lproj/LaunchScreen.storyboard; sourceTree = "<group>"; };
		B9CDE1EB1F9525BB0006F247 /* Info.plist */ = {isa = PBXFileReference; lastKnownFileType = text.plist.xml; path = Info.plist; sourceTree = "<group>"; };
		B9CDE1F11F95886E0006F247 /* FactProvider.swift */ = {isa = PBXFileReference; lastKnownFileType = sourcecode.swift; path = FactProvider.swift; sourceTree = "<group>"; };
/* End PBXFileReference section */

/* Begin PBXFrameworksBuildPhase section */
		B9CDE1D91F9525BB0006F247 /* Frameworks */ = {
			isa = PBXFrameworksBuildPhase;
			buildActionMask = 2147483647;
			files = (
			);
			runOnlyForDeploymentPostprocessing = 0;
		};
/* End PBXFrameworksBuildPhase section */

/* Begin PBXGroup section */
		B9CDE1D31F9525BB0006F247 = {
			isa = PBXGroup;
			children = (
				B9CDE1DE1F9525BB0006F247 /* FunFacts */,
				B9CDE1DD1F9525BB0006F247 /* Products */,
			);
			sourceTree = "<group>";
		};
		B9CDE1DD1F9525BB0006F247 /* Products */ = {
			isa = PBXGroup;
			children = (
				B9CDE1DC1F9525BB0006F247 /* FunFacts.app */,
			);
			name = Products;
			sourceTree = "<group>";
		};
		B9CDE1DE1F9525BB0006F247 /* FunFacts */ = {
			isa = PBXGroup;
			children = (
				B9CDE1DF1F9525BB0006F247 /* AppDelegate.swift */,
				B910A5FC1F97B140007FEB19 /* TriviaVC.swift */,
				B910A5FE1F97B207007FEB19 /* DadJokesVC.swift */,
				B9CDE1E11F9525BB0006F247 /* FunFactsVC.swift */,
				B9CDE1F11F95886E0006F247 /* FactProvider.swift */,
				B910A6001F97B2A9007FEB19 /* ChooseFunVC.swift */,
				B9CDE1E31F9525BB0006F247 /* Main.storyboard */,
				B9CDE1E61F9525BB0006F247 /* Assets.xcassets */,
				B9CDE1E81F9525BB0006F247 /* LaunchScreen.storyboard */,
				B9CDE1EB1F9525BB0006F247 /* Info.plist */,
			);
			path = FunFacts;
			sourceTree = "<group>";
		};
/* End PBXGroup section */

/* Begin PBXNativeTarget section */
		B9CDE1DB1F9525BB0006F247 /* FunFacts */ = {
			isa = PBXNativeTarget;
			buildConfigurationList = B9CDE1EE1F9525BB0006F247 /* Build configuration list for PBXNativeTarget "FunFacts" */;
			buildPhases = (
				B9CDE1D81F9525BB0006F247 /* Sources */,
				B9CDE1D91F9525BB0006F247 /* Frameworks */,
				B9CDE1DA1F9525BB0006F247 /* Resources */,
			);
			buildRules = (
			);
			dependencies = (
			);
			name = FunFacts;
			productName = FunFacts;
			productReference = B9CDE1DC1F9525BB0006F247 /* FunFacts.app */;
			productType = "com.apple.product-type.application";
		};
/* End PBXNativeTarget section */

/* Begin PBXProject section */
		B9CDE1D41F9525BB0006F247 /* Project object */ = {
			isa = PBXProject;
			attributes = {
				LastSwiftUpdateCheck = 0900;
				LastUpgradeCheck = 0900;
				ORGANIZATIONNAME = "Phyllis Wong";
				TargetAttributes = {
					B9CDE1DB1F9525BB0006F247 = {
						CreatedOnToolsVersion = 9.0;
						ProvisioningStyle = Automatic;
					};
				};
			};
			buildConfigurationList = B9CDE1D71F9525BB0006F247 /* Build configuration list for PBXProject "FunFacts" */;
			compatibilityVersion = "Xcode 8.0";
			developmentRegion = en;
			hasScannedForEncodings = 0;
			knownRegions = (
				en,
				Base,
			);
			mainGroup = B9CDE1D31F9525BB0006F247;
			productRefGroup = B9CDE1DD1F9525BB0006F247 /* Products */;
			projectDirPath = "";
			projectRoot = "";
			targets = (
				B9CDE1DB1F9525BB0006F247 /* FunFacts */,
			);
		};
/* End PBXProject section */

/* Begin PBXResourcesBuildPhase section */
		B9CDE1DA1F9525BB0006F247 /* Resources */ = {
			isa = PBXResourcesBuildPhase;
			buildActionMask = 2147483647;
			files = (
				B9CDE1EA1F9525BB0006F247 /* LaunchScreen.storyboard in Resources */,
				B9CDE1E71F9525BB0006F247 /* Assets.xcassets in Resources */,
				B9CDE1E51F9525BB0006F247 /* Main.storyboard in Resources */,
			);
			runOnlyForDeploymentPostprocessing = 0;
		};
/* End PBXResourcesBuildPhase section */

/* Begin PBXSourcesBuildPhase section */
		B9CDE1D81F9525BB0006F247 /* Sources */ = {
			isa = PBXSourcesBuildPhase;
			buildActionMask = 2147483647;
			files = (
				B9CDE1E21F9525BB0006F247 /* FunFactsVC.swift in Sources */,
				B910A5FF1F97B207007FEB19 /* DadJokesVC.swift in Sources */,
				B9CDE1E01F9525BB0006F247 /* AppDelegate.swift in Sources */,
				B910A6011F97B2A9007FEB19 /* ChooseFunVC.swift in Sources */,
				B910A5FD1F97B140007FEB19 /* TriviaVC.swift in Sources */,
				B9CDE1F21F95886E0006F247 /* FactProvider.swift in Sources */,
			);
			runOnlyForDeploymentPostprocessing = 0;
		};
/* End PBXSourcesBuildPhase section */

/* Begin PBXVariantGroup section */
		B9CDE1E31F9525BB0006F247 /* Main.storyboard */ = {
			isa = PBXVariantGroup;
			children = (
				B9CDE1E41F9525BB0006F247 /* Base */,
			);
			name = Main.storyboard;
			sourceTree = "<group>";
		};
		B9CDE1E81F9525BB0006F247 /* LaunchScreen.storyboard */ = {
			isa = PBXVariantGroup;
			children = (
				B9CDE1E91F9525BB0006F247 /* Base */,
			);
			name = LaunchScreen.storyboard;
			sourceTree = "<group>";
		};
/* End PBXVariantGroup section */

/* Begin XCBuildConfiguration section */
		B9CDE1EC1F9525BB0006F247 /* Debug */ = {
			isa = XCBuildConfiguration;
			buildSettings = {
				ALWAYS_SEARCH_USER_PATHS = NO;
				CLANG_ANALYZER_NONNULL = YES;
				CLANG_ANALYZER_NUMBER_OBJECT_CONVERSION = YES_AGGRESSIVE;
				CLANG_CXX_LANGUAGE_STANDARD = "gnu++14";
				CLANG_CXX_LIBRARY = "libc++";
				CLANG_ENABLE_MODULES = YES;
				CLANG_ENABLE_OBJC_ARC = YES;
				CLANG_WARN_BLOCK_CAPTURE_AUTORELEASING = YES;
				CLANG_WARN_BOOL_CONVERSION = YES;
				CLANG_WARN_COMMA = YES;
				CLANG_WARN_CONSTANT_CONVERSION = YES;
				CLANG_WARN_DIRECT_OBJC_ISA_USAGE = YES_ERROR;
				CLANG_WARN_DOCUMENTATION_COMMENTS = YES;
				CLANG_WARN_EMPTY_BODY = YES;
				CLANG_WARN_ENUM_CONVERSION = YES;
				CLANG_WARN_INFINITE_RECURSION = YES;
				CLANG_WARN_INT_CONVERSION = YES;
				CLANG_WARN_NON_LITERAL_NULL_CONVERSION = YES;
				CLANG_WARN_OBJC_LITERAL_CONVERSION = YES;
				CLANG_WARN_OBJC_ROOT_CLASS = YES_ERROR;
				CLANG_WARN_RANGE_LOOP_ANALYSIS = YES;
				CLANG_WARN_STRICT_PROTOTYPES = YES;
				CLANG_WARN_SUSPICIOUS_MOVE = YES;
				CLANG_WARN_UNGUARDED_AVAILABILITY = YES_AGGRESSIVE;
				CLANG_WARN_UNREACHABLE_CODE = YES;
				CLANG_WARN__DUPLICATE_METHOD_MATCH = YES;
				CODE_SIGN_IDENTITY = "iPhone Developer";
				COPY_PHASE_STRIP = NO;
				DEBUG_INFORMATION_FORMAT = dwarf;
				ENABLE_STRICT_OBJC_MSGSEND = YES;
				ENABLE_TESTABILITY = YES;
				GCC_C_LANGUAGE_STANDARD = gnu11;
				GCC_DYNAMIC_NO_PIC = NO;
				GCC_NO_COMMON_BLOCKS = YES;
				GCC_OPTIMIZATION_LEVEL = 0;
				GCC_PREPROCESSOR_DEFINITIONS = (
					"DEBUG=1",
					"$(inherited)",
				);
				GCC_WARN_64_TO_32_BIT_CONVERSION = YES;
				GCC_WARN_ABOUT_RETURN_TYPE = YES_ERROR;
				GCC_WARN_UNDECLARED_SELECTOR = YES;
				GCC_WARN_UNINITIALIZED_AUTOS = YES_AGGRESSIVE;
				GCC_WARN_UNUSED_FUNCTION = YES;
				GCC_WARN_UNUSED_VARIABLE = YES;
				IPHONEOS_DEPLOYMENT_TARGET = 11.0;
				MTL_ENABLE_DEBUG_INFO = YES;
				ONLY_ACTIVE_ARCH = YES;
				SDKROOT = iphoneos;
				SWIFT_ACTIVE_COMPILATION_CONDITIONS = DEBUG;
				SWIFT_OPTIMIZATION_LEVEL = "-Onone";
			};
			name = Debug;
		};
		B9CDE1ED1F9525BB0006F247 /* Release */ = {
			isa = XCBuildConfiguration;
			buildSettings = {
				ALWAYS_SEARCH_USER_PATHS = NO;
				CLANG_ANALYZER_NONNULL = YES;
				CLANG_ANALYZER_NUMBER_OBJECT_CONVERSION = YES_AGGRESSIVE;
				CLANG_CXX_LANGUAGE_STANDARD = "gnu++14";
				CLANG_CXX_LIBRARY = "libc++";
				CLANG_ENABLE_MODULES = YES;
				CLANG_ENABLE_OBJC_ARC = YES;
				CLANG_WARN_BLOCK_CAPTURE_AUTORELEASING = YES;
				CLANG_WARN_BOOL_CONVERSION = YES;
				CLANG_WARN_COMMA = YES;
				CLANG_WARN_CONSTANT_CONVERSION = YES;
				CLANG_WARN_DIRECT_OBJC_ISA_USAGE = YES_ERROR;
				CLANG_WARN_DOCUMENTATION_COMMENTS = YES;
				CLANG_WARN_EMPTY_BODY = YES;
				CLANG_WARN_ENUM_CONVERSION = YES;
				CLANG_WARN_INFINITE_RECURSION = YES;
				CLANG_WARN_INT_CONVERSION = YES;
				CLANG_WARN_NON_LITERAL_NULL_CONVERSION = YES;
				CLANG_WARN_OBJC_LITERAL_CONVERSION = YES;
				CLANG_WARN_OBJC_ROOT_CLASS = YES_ERROR;
				CLANG_WARN_RANGE_LOOP_ANALYSIS = YES;
				CLANG_WARN_STRICT_PROTOTYPES = YES;
				CLANG_WARN_SUSPICIOUS_MOVE = YES;
				CLANG_WARN_UNGUARDED_AVAILABILITY = YES_AGGRESSIVE;
				CLANG_WARN_UNREACHABLE_CODE = YES;
				CLANG_WARN__DUPLICATE_METHOD_MATCH = YES;
				CODE_SIGN_IDENTITY = "iPhone Developer";
				COPY_PHASE_STRIP = NO;
				DEBUG_INFORMATION_FORMAT = "dwarf-with-dsym";
				ENABLE_NS_ASSERTIONS = NO;
				ENABLE_STRICT_OBJC_MSGSEND = YES;
				GCC_C_LANGUAGE_STANDARD = gnu11;
				GCC_NO_COMMON_BLOCKS = YES;
				GCC_WARN_64_TO_32_BIT_CONVERSION = YES;
				GCC_WARN_ABOUT_RETURN_TYPE = YES_ERROR;
				GCC_WARN_UNDECLARED_SELECTOR = YES;
				GCC_WARN_UNINITIALIZED_AUTOS = YES_AGGRESSIVE;
				GCC_WARN_UNUSED_FUNCTION = YES;
				GCC_WARN_UNUSED_VARIABLE = YES;
				IPHONEOS_DEPLOYMENT_TARGET = 11.0;
				MTL_ENABLE_DEBUG_INFO = NO;
				SDKROOT = iphoneos;
				SWIFT_OPTIMIZATION_LEVEL = "-Owholemodule";
				VALIDATE_PRODUCT = YES;
			};
			name = Release;
		};
		B9CDE1EF1F9525BB0006F247 /* Debug */ = {
			isa = XCBuildConfiguration;
			buildSettings = {
				ASSETCATALOG_COMPILER_APPICON_NAME = AppIcon;
				CODE_SIGN_STYLE = Automatic;
				DEVELOPMENT_TEAM = S44SNCV32X;
				INFOPLIST_FILE = FunFacts/Info.plist;
				IPHONEOS_DEPLOYMENT_TARGET = 11.0;
				LD_RUNPATH_SEARCH_PATHS = "$(inherited) @executable_path/Frameworks";
				PRODUCT_BUNDLE_IDENTIFIER = com.phyllisApps.FunFacts;
				PRODUCT_NAME = "$(TARGET_NAME)";
				SWIFT_VERSION = 4.0;
				TARGETED_DEVICE_FAMILY = 1;
			};
			name = Debug;
		};
		B9CDE1F01F9525BB0006F247 /* Release */ = {
			isa = XCBuildConfiguration;
			buildSettings = {
				ASSETCATALOG_COMPILER_APPICON_NAME = AppIcon;
				CODE_SIGN_STYLE = Automatic;
				DEVELOPMENT_TEAM = S44SNCV32X;
				INFOPLIST_FILE = FunFacts/Info.plist;
				IPHONEOS_DEPLOYMENT_TARGET = 11.0;
				LD_RUNPATH_SEARCH_PATHS = "$(inherited) @executable_path/Frameworks";
				PRODUCT_BUNDLE_IDENTIFIER = com.phyllisApps.FunFacts;
				PRODUCT_NAME = "$(TARGET_NAME)";
				SWIFT_VERSION = 4.0;
				TARGETED_DEVICE_FAMILY = 1;
			};
			name = Release;
		};
/* End XCBuildConfiguration section */

/* Begin XCConfigurationList section */
		B9CDE1D71F9525BB0006F247 /* Build configuration list for PBXProject "FunFacts" */ = {
			isa = XCConfigurationList;
			buildConfigurations = (
				B9CDE1EC1F9525BB0006F247 /* Debug */,
				B9CDE1ED1F9525BB0006F247 /* Release */,
			);
			defaultConfigurationIsVisible = 0;
			defaultConfigurationName = Release;
		};
		B9CDE1EE1F9525BB0006F247 /* Build configuration list for PBXNativeTarget "FunFacts" */ = {
			isa = XCConfigurationList;
			buildConfigurations = (
				B9CDE1EF1F9525BB0006F247 /* Debug */,
				B9CDE1F01F9525BB0006F247 /* Release */,
			);
			defaultConfigurationIsVisible = 0;
			defaultConfigurationName = Release;
		};
/* End XCConfigurationList section */
	};
	rootObject = B9CDE1D41F9525BB0006F247 /* Project object */;
}
