// !$*UTF8*$!
{
	archiveVersion = 1;
	classes = {
	};
	objectVersion = 48;
	objects = {

/* Begin PBXBuildFile section */
		B911CE8B201AB81600EC7CFF /* AppDelegate.swift in Sources */ = {isa = PBXBuildFile; fileRef = B911CE8A201AB81600EC7CFF /* AppDelegate.swift */; };
		B911CE8D201AB81600EC7CFF /* GameScene.sks in Resources */ = {isa = PBXBuildFile; fileRef = B911CE8C201AB81600EC7CFF /* GameScene.sks */; };
		B911CE8F201AB81600EC7CFF /* Actions.sks in Resources */ = {isa = PBXBuildFile; fileRef = B911CE8E201AB81600EC7CFF /* Actions.sks */; };
		B911CE91201AB81600EC7CFF /* GameScene.swift in Sources */ = {isa = PBXBuildFile; fileRef = B911CE90201AB81600EC7CFF /* GameScene.swift */; };
		B911CE93201AB81600EC7CFF /* GameViewController.swift in Sources */ = {isa = PBXBuildFile; fileRef = B911CE92201AB81600EC7CFF /* GameViewController.swift */; };
		B911CE96201AB81600EC7CFF /* Main.storyboard in Resources */ = {isa = PBXBuildFile; fileRef = B911CE94201AB81600EC7CFF /* Main.storyboard */; };
		B911CE98201AB81600EC7CFF /* Assets.xcassets in Resources */ = {isa = PBXBuildFile; fileRef = B911CE97201AB81600EC7CFF /* Assets.xcassets */; };
		B911CE9B201AB81600EC7CFF /* LaunchScreen.storyboard in Resources */ = {isa = PBXBuildFile; fileRef = B911CE99201AB81600EC7CFF /* LaunchScreen.storyboard */; };
		B911CEA7201ABA8A00EC7CFF /* Explosion.sks in Resources */ = {isa = PBXBuildFile; fileRef = B911CEA6201ABA8A00EC7CFF /* Explosion.sks */; };
		B911CEA9201ABAA200EC7CFF /* spark.png in Resources */ = {isa = PBXBuildFile; fileRef = B911CEA8201ABAA200EC7CFF /* spark.png */; };
		B911CEAD201ABAFE00EC7CFF /* Starfield.sks in Resources */ = {isa = PBXBuildFile; fileRef = B911CEAB201ABAFE00EC7CFF /* Starfield.sks */; };
/* End PBXBuildFile section */

/* Begin PBXFileReference section */
		B911CE87201AB81600EC7CFF /* SpaceGame.app */ = {isa = PBXFileReference; explicitFileType = wrapper.application; includeInIndex = 0; path = SpaceGame.app; sourceTree = BUILT_PRODUCTS_DIR; };
		B911CE8A201AB81600EC7CFF /* AppDelegate.swift */ = {isa = PBXFileReference; lastKnownFileType = sourcecode.swift; path = AppDelegate.swift; sourceTree = "<group>"; };
		B911CE8C201AB81600EC7CFF /* GameScene.sks */ = {isa = PBXFileReference; lastKnownFileType = file.sks; path = GameScene.sks; sourceTree = "<group>"; };
		B911CE8E201AB81600EC7CFF /* Actions.sks */ = {isa = PBXFileReference; lastKnownFileType = file.sks; path = Actions.sks; sourceTree = "<group>"; };
		B911CE90201AB81600EC7CFF /* GameScene.swift */ = {isa = PBXFileReference; lastKnownFileType = sourcecode.swift; path = GameScene.swift; sourceTree = "<group>"; };
		B911CE92201AB81600EC7CFF /* GameViewController.swift */ = {isa = PBXFileReference; lastKnownFileType = sourcecode.swift; path = GameViewController.swift; sourceTree = "<group>"; };
		B911CE95201AB81600EC7CFF /* Base */ = {isa = PBXFileReference; lastKnownFileType = file.storyboard; name = Base; path = Base.lproj/Main.storyboard; sourceTree = "<group>"; };
		B911CE97201AB81600EC7CFF /* Assets.xcassets */ = {isa = PBXFileReference; lastKnownFileType = folder.assetcatalog; path = Assets.xcassets; sourceTree = "<group>"; };
		B911CE9A201AB81600EC7CFF /* Base */ = {isa = PBXFileReference; lastKnownFileType = file.storyboard; name = Base; path = Base.lproj/LaunchScreen.storyboard; sourceTree = "<group>"; };
		B911CE9C201AB81600EC7CFF /* Info.plist */ = {isa = PBXFileReference; lastKnownFileType = text.plist.xml; path = Info.plist; sourceTree = "<group>"; };
		B911CEA2201AB99B00EC7CFF /* torpedo.mp3 */ = {isa = PBXFileReference; lastKnownFileType = audio.mp3; path = torpedo.mp3; sourceTree = "<group>"; };
		B911CEA3201AB99B00EC7CFF /* explosion.mp3 */ = {isa = PBXFileReference; lastKnownFileType = audio.mp3; path = explosion.mp3; sourceTree = "<group>"; };
		B911CEA6201ABA8A00EC7CFF /* Explosion.sks */ = {isa = PBXFileReference; lastKnownFileType = file.sks; path = Explosion.sks; sourceTree = "<group>"; };
		B911CEA8201ABAA200EC7CFF /* spark.png */ = {isa = PBXFileReference; lastKnownFileType = image.png; path = spark.png; sourceTree = "<group>"; };
		B911CEAB201ABAFE00EC7CFF /* Starfield.sks */ = {isa = PBXFileReference; lastKnownFileType = file.sks; path = Starfield.sks; sourceTree = "<group>"; };
/* End PBXFileReference section */

/* Begin PBXFrameworksBuildPhase section */
		B911CE84201AB81600EC7CFF /* Frameworks */ = {
			isa = PBXFrameworksBuildPhase;
			buildActionMask = 2147483647;
			files = (
			);
			runOnlyForDeploymentPostprocessing = 0;
		};
/* End PBXFrameworksBuildPhase section */

/* Begin PBXGroup section */
		B911CE7E201AB81600EC7CFF = {
			isa = PBXGroup;
			children = (
				B911CE89201AB81600EC7CFF /* SpaceGame */,
				B911CE88201AB81600EC7CFF /* Products */,
			);
			sourceTree = "<group>";
		};
		B911CE88201AB81600EC7CFF /* Products */ = {
			isa = PBXGroup;
			children = (
				B911CE87201AB81600EC7CFF /* SpaceGame.app */,
			);
			name = Products;
			sourceTree = "<group>";
		};
		B911CE89201AB81600EC7CFF /* SpaceGame */ = {
			isa = PBXGroup;
			children = (
				B911CE8A201AB81600EC7CFF /* AppDelegate.swift */,
				B911CE8C201AB81600EC7CFF /* GameScene.sks */,
				B911CE8E201AB81600EC7CFF /* Actions.sks */,
				B911CEA6201ABA8A00EC7CFF /* Explosion.sks */,
				B911CEAB201ABAFE00EC7CFF /* Starfield.sks */,
				B911CEA8201ABAA200EC7CFF /* spark.png */,
				B911CE90201AB81600EC7CFF /* GameScene.swift */,
				B911CE92201AB81600EC7CFF /* GameViewController.swift */,
				B911CE94201AB81600EC7CFF /* Main.storyboard */,
				B911CEA3201AB99B00EC7CFF /* explosion.mp3 */,
				B911CEA2201AB99B00EC7CFF /* torpedo.mp3 */,
				B911CE97201AB81600EC7CFF /* Assets.xcassets */,
				B911CE99201AB81600EC7CFF /* LaunchScreen.storyboard */,
				B911CE9C201AB81600EC7CFF /* Info.plist */,
			);
			path = SpaceGame;
			sourceTree = "<group>";
		};
/* End PBXGroup section */

/* Begin PBXNativeTarget section */
		B911CE86201AB81600EC7CFF /* SpaceGame */ = {
			isa = PBXNativeTarget;
			buildConfigurationList = B911CE9F201AB81600EC7CFF /* Build configuration list for PBXNativeTarget "SpaceGame" */;
			buildPhases = (
				B911CE83201AB81600EC7CFF /* Sources */,
				B911CE84201AB81600EC7CFF /* Frameworks */,
				B911CE85201AB81600EC7CFF /* Resources */,
			);
			buildRules = (
			);
			dependencies = (
			);
			name = SpaceGame;
			productName = SpaceGame;
			productReference = B911CE87201AB81600EC7CFF /* SpaceGame.app */;
			productType = "com.apple.product-type.application";
		};
/* End PBXNativeTarget section */

/* Begin PBXProject section */
		B911CE7F201AB81600EC7CFF /* Project object */ = {
			isa = PBXProject;
			attributes = {
				LastSwiftUpdateCheck = 0920;
				LastUpgradeCheck = 0920;
				ORGANIZATIONNAME = "Phyllis Wong";
				TargetAttributes = {
					B911CE86201AB81600EC7CFF = {
						CreatedOnToolsVersion = 9.2;
						ProvisioningStyle = Automatic;
					};
				};
			};
			buildConfigurationList = B911CE82201AB81600EC7CFF /* Build configuration list for PBXProject "SpaceGame" */;
			compatibilityVersion = "Xcode 8.0";
			developmentRegion = en;
			hasScannedForEncodings = 0;
			knownRegions = (
				en,
				Base,
			);
			mainGroup = B911CE7E201AB81600EC7CFF;
			productRefGroup = B911CE88201AB81600EC7CFF /* Products */;
			projectDirPath = "";
			projectRoot = "";
			targets = (
				B911CE86201AB81600EC7CFF /* SpaceGame */,
			);
		};
/* End PBXProject section */

/* Begin PBXResourcesBuildPhase section */
		B911CE85201AB81600EC7CFF /* Resources */ = {
			isa = PBXResourcesBuildPhase;
			buildActionMask = 2147483647;
			files = (
				B911CE96201AB81600EC7CFF /* Main.storyboard in Resources */,
				B911CEA7201ABA8A00EC7CFF /* Explosion.sks in Resources */,
				B911CE8D201AB81600EC7CFF /* GameScene.sks in Resources */,
				B911CEA9201ABAA200EC7CFF /* spark.png in Resources */,
				B911CE98201AB81600EC7CFF /* Assets.xcassets in Resources */,
				B911CEAD201ABAFE00EC7CFF /* Starfield.sks in Resources */,
				B911CE9B201AB81600EC7CFF /* LaunchScreen.storyboard in Resources */,
				B911CE8F201AB81600EC7CFF /* Actions.sks in Resources */,
			);
			runOnlyForDeploymentPostprocessing = 0;
		};
/* End PBXResourcesBuildPhase section */

/* Begin PBXSourcesBuildPhase section */
		B911CE83201AB81600EC7CFF /* Sources */ = {
			isa = PBXSourcesBuildPhase;
			buildActionMask = 2147483647;
			files = (
				B911CE91201AB81600EC7CFF /* GameScene.swift in Sources */,
				B911CE93201AB81600EC7CFF /* GameViewController.swift in Sources */,
				B911CE8B201AB81600EC7CFF /* AppDelegate.swift in Sources */,
			);
			runOnlyForDeploymentPostprocessing = 0;
		};
/* End PBXSourcesBuildPhase section */

/* Begin PBXVariantGroup section */
		B911CE94201AB81600EC7CFF /* Main.storyboard */ = {
			isa = PBXVariantGroup;
			children = (
				B911CE95201AB81600EC7CFF /* Base */,
			);
			name = Main.storyboard;
			sourceTree = "<group>";
		};
		B911CE99201AB81600EC7CFF /* LaunchScreen.storyboard */ = {
			isa = PBXVariantGroup;
			children = (
				B911CE9A201AB81600EC7CFF /* Base */,
			);
			name = LaunchScreen.storyboard;
			sourceTree = "<group>";
		};
/* End PBXVariantGroup section */

/* Begin XCBuildConfiguration section */
		B911CE9D201AB81600EC7CFF /* Debug */ = {
			isa = XCBuildConfiguration;
			buildSettings = {
				ALWAYS_SEARCH_USER_PATHS = NO;
				CLANG_ANALYZER_NONNULL = YES;
				CLANG_ANALYZER_NUMBER_OBJECT_CONVERSION = YES_AGGRESSIVE;
				CLANG_CXX_LANGUAGE_STANDARD = "gnu++14";
				CLANG_CXX_LIBRARY = "libc++";
				CLANG_ENABLE_MODULES = YES;
				CLANG_ENABLE_OBJC_ARC = YES;
				CLANG_WARN_BLOCK_CAPTURE_AUTORELEASING = YES;
				CLANG_WARN_BOOL_CONVERSION = YES;
				CLANG_WARN_COMMA = YES;
				CLANG_WARN_CONSTANT_CONVERSION = YES;
				CLANG_WARN_DIRECT_OBJC_ISA_USAGE = YES_ERROR;
				CLANG_WARN_DOCUMENTATION_COMMENTS = YES;
				CLANG_WARN_EMPTY_BODY = YES;
				CLANG_WARN_ENUM_CONVERSION = YES;
				CLANG_WARN_INFINITE_RECURSION = YES;
				CLANG_WARN_INT_CONVERSION = YES;
				CLANG_WARN_NON_LITERAL_NULL_CONVERSION = YES;
				CLANG_WARN_OBJC_LITERAL_CONVERSION = YES;
				CLANG_WARN_OBJC_ROOT_CLASS = YES_ERROR;
				CLANG_WARN_RANGE_LOOP_ANALYSIS = YES;
				CLANG_WARN_STRICT_PROTOTYPES = YES;
				CLANG_WARN_SUSPICIOUS_MOVE = YES;
				CLANG_WARN_UNGUARDED_AVAILABILITY = YES_AGGRESSIVE;
				CLANG_WARN_UNREACHABLE_CODE = YES;
				CLANG_WARN__DUPLICATE_METHOD_MATCH = YES;
				CODE_SIGN_IDENTITY = "iPhone Developer";
				COPY_PHASE_STRIP = NO;
				DEBUG_INFORMATION_FORMAT = dwarf;
				ENABLE_STRICT_OBJC_MSGSEND = YES;
				ENABLE_TESTABILITY = YES;
				GCC_C_LANGUAGE_STANDARD = gnu11;
				GCC_DYNAMIC_NO_PIC = NO;
				GCC_NO_COMMON_BLOCKS = YES;
				GCC_OPTIMIZATION_LEVEL = 0;
				GCC_PREPROCESSOR_DEFINITIONS = (
					"DEBUG=1",
					"$(inherited)",
				);
				GCC_WARN_64_TO_32_BIT_CONVERSION = YES;
				GCC_WARN_ABOUT_RETURN_TYPE = YES_ERROR;
				GCC_WARN_UNDECLARED_SELECTOR = YES;
				GCC_WARN_UNINITIALIZED_AUTOS = YES_AGGRESSIVE;
				GCC_WARN_UNUSED_FUNCTION = YES;
				GCC_WARN_UNUSED_VARIABLE = YES;
				IPHONEOS_DEPLOYMENT_TARGET = 11.2;
				MTL_ENABLE_DEBUG_INFO = YES;
				ONLY_ACTIVE_ARCH = YES;
				SDKROOT = iphoneos;
				SWIFT_ACTIVE_COMPILATION_CONDITIONS = DEBUG;
				SWIFT_OPTIMIZATION_LEVEL = "-Onone";
			};
			name = Debug;
		};
		B911CE9E201AB81600EC7CFF /* Release */ = {
			isa = XCBuildConfiguration;
			buildSettings = {
				ALWAYS_SEARCH_USER_PATHS = NO;
				CLANG_ANALYZER_NONNULL = YES;
				CLANG_ANALYZER_NUMBER_OBJECT_CONVERSION = YES_AGGRESSIVE;
				CLANG_CXX_LANGUAGE_STANDARD = "gnu++14";
				CLANG_CXX_LIBRARY = "libc++";
				CLANG_ENABLE_MODULES = YES;
				CLANG_ENABLE_OBJC_ARC = YES;
				CLANG_WARN_BLOCK_CAPTURE_AUTORELEASING = YES;
				CLANG_WARN_BOOL_CONVERSION = YES;
				CLANG_WARN_COMMA = YES;
				CLANG_WARN_CONSTANT_CONVERSION = YES;
				CLANG_WARN_DIRECT_OBJC_ISA_USAGE = YES_ERROR;
				CLANG_WARN_DOCUMENTATION_COMMENTS = YES;
				CLANG_WARN_EMPTY_BODY = YES;
				CLANG_WARN_ENUM_CONVERSION = YES;
				CLANG_WARN_INFINITE_RECURSION = YES;
				CLANG_WARN_INT_CONVERSION = YES;
				CLANG_WARN_NON_LITERAL_NULL_CONVERSION = YES;
				CLANG_WARN_OBJC_LITERAL_CONVERSION = YES;
				CLANG_WARN_OBJC_ROOT_CLASS = YES_ERROR;
				CLANG_WARN_RANGE_LOOP_ANALYSIS = YES;
				CLANG_WARN_STRICT_PROTOTYPES = YES;
				CLANG_WARN_SUSPICIOUS_MOVE = YES;
				CLANG_WARN_UNGUARDED_AVAILABILITY = YES_AGGRESSIVE;
				CLANG_WARN_UNREACHABLE_CODE = YES;
				CLANG_WARN__DUPLICATE_METHOD_MATCH = YES;
				CODE_SIGN_IDENTITY = "iPhone Developer";
				COPY_PHASE_STRIP = NO;
				DEBUG_INFORMATION_FORMAT = "dwarf-with-dsym";
				ENABLE_NS_ASSERTIONS = NO;
				ENABLE_STRICT_OBJC_MSGSEND = YES;
				GCC_C_LANGUAGE_STANDARD = gnu11;
				GCC_NO_COMMON_BLOCKS = YES;
				GCC_WARN_64_TO_32_BIT_CONVERSION = YES;
				GCC_WARN_ABOUT_RETURN_TYPE = YES_ERROR;
				GCC_WARN_UNDECLARED_SELECTOR = YES;
				GCC_WARN_UNINITIALIZED_AUTOS = YES_AGGRESSIVE;
				GCC_WARN_UNUSED_FUNCTION = YES;
				GCC_WARN_UNUSED_VARIABLE = YES;
				IPHONEOS_DEPLOYMENT_TARGET = 11.2;
				MTL_ENABLE_DEBUG_INFO = NO;
				SDKROOT = iphoneos;
				SWIFT_OPTIMIZATION_LEVEL = "-Owholemodule";
				VALIDATE_PRODUCT = YES;
			};
			name = Release;
		};
		B911CEA0201AB81600EC7CFF /* Debug */ = {
			isa = XCBuildConfiguration;
			buildSettings = {
				ASSETCATALOG_COMPILER_APPICON_NAME = AppIcon;
				CODE_SIGN_STYLE = Automatic;
				DEVELOPMENT_TEAM = S44SNCV32X;
				INFOPLIST_FILE = SpaceGame/Info.plist;
				LD_RUNPATH_SEARCH_PATHS = "$(inherited) @executable_path/Frameworks";
				PRODUCT_BUNDLE_IDENTIFIER = com.phyllisApps.SpaceGame;
				PRODUCT_NAME = "$(TARGET_NAME)";
				SWIFT_VERSION = 4.0;
				TARGETED_DEVICE_FAMILY = "1,2";
			};
			name = Debug;
		};
		B911CEA1201AB81600EC7CFF /* Release */ = {
			isa = XCBuildConfiguration;
			buildSettings = {
				ASSETCATALOG_COMPILER_APPICON_NAME = AppIcon;
				CODE_SIGN_STYLE = Automatic;
				DEVELOPMENT_TEAM = S44SNCV32X;
				INFOPLIST_FILE = SpaceGame/Info.plist;
				LD_RUNPATH_SEARCH_PATHS = "$(inherited) @executable_path/Frameworks";
				PRODUCT_BUNDLE_IDENTIFIER = com.phyllisApps.SpaceGame;
				PRODUCT_NAME = "$(TARGET_NAME)";
				SWIFT_VERSION = 4.0;
				TARGETED_DEVICE_FAMILY = "1,2";
			};
			name = Release;
		};
/* End XCBuildConfiguration section */

/* Begin XCConfigurationList section */
		B911CE82201AB81600EC7CFF /* Build configuration list for PBXProject "SpaceGame" */ = {
			isa = XCConfigurationList;
			buildConfigurations = (
				B911CE9D201AB81600EC7CFF /* Debug */,
				B911CE9E201AB81600EC7CFF /* Release */,
			);
			defaultConfigurationIsVisible = 0;
			defaultConfigurationName = Release;
		};
		B911CE9F201AB81600EC7CFF /* Build configuration list for PBXNativeTarget "SpaceGame" */ = {
			isa = XCConfigurationList;
			buildConfigurations = (
				B911CEA0201AB81600EC7CFF /* Debug */,
				B911CEA1201AB81600EC7CFF /* Release */,
			);
			defaultConfigurationIsVisible = 0;
			defaultConfigurationName = Release;
		};
/* End XCConfigurationList section */
	};
	rootObject = B911CE7F201AB81600EC7CFF /* Project object */;
}
